<?xml version="1.0" encoding="utf-8"?>
<Project ToolsVersion="4.0" xmlns="http://schemas.microsoft.com/developer/msbuild/2003">
  <ItemGroup>
    <Filter Include="Global">
      <UniqueIdentifier>{5d328b7e-f3e1-4aab-9357-5f33f8f5aa60}</UniqueIdentifier>
    </Filter>
    <Filter Include="Engine">
      <UniqueIdentifier>{41a1dac1-d323-4275-aabf-611967884329}</UniqueIdentifier>
    </Filter>
    <Filter Include="Include">
      <UniqueIdentifier>{1f5cb3ad-da46-47fb-a8b5-8b6f355385f5}</UniqueIdentifier>
    </Filter>
    <Filter Include="Engine\Input">
      <UniqueIdentifier>{e2a5a1c8-f86c-4c48-a8e0-b7a937bd4af2}</UniqueIdentifier>
    </Filter>
    <Filter Include="Engine\Graphic">
      <UniqueIdentifier>{22c806f0-ef81-4c2f-b466-e8e1deee32d3}</UniqueIdentifier>
    </Filter>
    <Filter Include="Engine\Event">
      <UniqueIdentifier>{8efe3696-d54f-43d2-adb7-f8e9f26d1055}</UniqueIdentifier>
    </Filter>
    <Filter Include="Engine\Resource">
      <UniqueIdentifier>{d0b7c4c7-cbf9-4719-838f-6f825defad53}</UniqueIdentifier>
    </Filter>
    <Filter Include="Engine\Util">
      <UniqueIdentifier>{b9684e85-0cc3-42e5-9921-d701c42b054f}</UniqueIdentifier>
    </Filter>
    <Filter Include="Engine\Application">
      <UniqueIdentifier>{6ad1d1dd-8949-4f23-a584-94f6bc117e4a}</UniqueIdentifier>
    </Filter>
    <Filter Include="Engine\Entity">
      <UniqueIdentifier>{967a08bf-b662-4f2e-93fe-7a181e38c400}</UniqueIdentifier>
    </Filter>
    <Filter Include="Engine\Logic">
      <UniqueIdentifier>{79b383ae-0722-4442-ab22-fbdbd4433847}</UniqueIdentifier>
    </Filter>
    <Filter Include="Engine\System">
      <UniqueIdentifier>{ced6ce79-8920-46c5-b7d6-5369d079ae94}</UniqueIdentifier>
    </Filter>
  </ItemGroup>
  <ItemGroup>
    <ClInclude Include="stdafx.h">
      <Filter>Global</Filter>
    </ClInclude>
    <ClInclude Include="macro.h">
      <Filter>Global</Filter>
    </ClInclude>
    <ClInclude Include="constant.h">
      <Filter>Global</Filter>
    </ClInclude>
    <ClInclude Include="WindowsInclude.h">
      <Filter>Global</Filter>
    </ClInclude>
    <ClInclude Include="Logger.h">
      <Filter>Global</Filter>
    </ClInclude>
    <ClInclude Include="SystemInput.h">
      <Filter>Engine\Input</Filter>
    </ClInclude>
    <ClInclude Include="Event.h">
      <Filter>Engine\Event</Filter>
    </ClInclude>
    <ClInclude Include="Messager.h">
      <Filter>Engine\Event</Filter>
    </ClInclude>
    <ClInclude Include="SystemGraphic.h">
      <Filter>Engine\Graphic</Filter>
    </ClInclude>
    <ClInclude Include="Resource.h">
      <Filter>Engine\Resource</Filter>
    </ClInclude>
    <ClInclude Include="ResourceCache.h">
      <Filter>Engine\Resource</Filter>
    </ClInclude>
    <ClInclude Include="ResourceLoader.h">
      <Filter>Engine\Resource</Filter>
    </ClInclude>
    <ClInclude Include="FileUtil.h">
      <Filter>Engine\Util</Filter>
    </ClInclude>
    <ClInclude Include="StringUtil.h">
      <Filter>Engine\Util</Filter>
    </ClInclude>
    <ClInclude Include="Application.h">
      <Filter>Engine\Application</Filter>
    </ClInclude>
    <ClInclude Include="ApplicationOption.h">
      <Filter>Engine\Application</Filter>
    </ClInclude>
    <ClInclude Include="Startup.h">
      <Filter>Engine\Application</Filter>
    </ClInclude>
    <ClInclude Include="Window.h">
      <Filter>Engine\Graphic</Filter>
    </ClInclude>
    <ClInclude Include="EntityFactory.h">
      <Filter>Engine\Entity</Filter>
    </ClInclude>
    <ClInclude Include="Entity.h">
      <Filter>Engine\Entity</Filter>
    </ClInclude>
    <ClInclude Include="SystemLogic.h">
      <Filter>Engine\Logic</Filter>
    </ClInclude>
    <ClInclude Include="Include\Engine\All.h">
      <Filter>Include</Filter>
    </ClInclude>
    <ClInclude Include="Include\Engine\Export.h">
      <Filter>Include</Filter>
    </ClInclude>
    <ClInclude Include="Include\Engine\IApplication.h">
      <Filter>Include</Filter>
    </ClInclude>
    <ClInclude Include="Include\Engine\IApplicationOption.h">
      <Filter>Include</Filter>
    </ClInclude>
    <ClInclude Include="Include\Engine\IComponent.h">
      <Filter>Include</Filter>
    </ClInclude>
    <ClInclude Include="Include\Engine\IComponentFactory.h">
      <Filter>Include</Filter>
    </ClInclude>
    <ClInclude Include="Include\Engine\IEntity.h">
      <Filter>Include</Filter>
    </ClInclude>
    <ClInclude Include="Include\Engine\ISystem.h">
      <Filter>Include</Filter>
    </ClInclude>
    <ClInclude Include="Include\Engine\ISystemGraphic.h">
      <Filter>Include</Filter>
    </ClInclude>
    <ClInclude Include="Include\Engine\ISystemInput.h">
      <Filter>Include</Filter>
    </ClInclude>
    <ClInclude Include="Include\Engine\ISystemLogic.h">
      <Filter>Include</Filter>
    </ClInclude>
    <ClInclude Include="Include\Engine\IWindow.h">
      <Filter>Include</Filter>
    </ClInclude>
    <ClInclude Include="Include\Engine\Typedef.h">
      <Filter>Include</Filter>
    </ClInclude>
    <ClInclude Include="System.h">
      <Filter>Engine\System</Filter>
    </ClInclude>
    <ClInclude Include="EventDefinition.h">
      <Filter>Engine\Event</Filter>
    </ClInclude>
    <ClInclude Include="IGameLogicEvent.h">
      <Filter>Include</Filter>
    </ClInclude>
  </ItemGroup>
  <ItemGroup>
    <ClCompile Include="Logger.cpp">
      <Filter>Global</Filter>
    </ClCompile>
    <ClCompile Include="SystemInput.cpp">
      <Filter>Engine\Input</Filter>
    </ClCompile>
    <ClCompile Include="Messager.cpp">
      <Filter>Engine\Event</Filter>
    </ClCompile>
    <ClCompile Include="SystemGraphic.cpp">
      <Filter>Engine\Graphic</Filter>
    </ClCompile>
    <ClCompile Include="Resource.cpp">
      <Filter>Engine\Resource</Filter>
    </ClCompile>
    <ClCompile Include="ResourceCache.cpp">
      <Filter>Engine\Resource</Filter>
    </ClCompile>
    <ClCompile Include="ResourceLoader.cpp">
      <Filter>Engine\Resource</Filter>
    </ClCompile>
    <ClCompile Include="FileUtil.cpp">
      <Filter>Engine\Util</Filter>
    </ClCompile>
    <ClCompile Include="StringUtil.cpp">
      <Filter>Engine\Util</Filter>
    </ClCompile>
    <ClCompile Include="Application.cpp">
      <Filter>Engine\Application</Filter>
    </ClCompile>
    <ClCompile Include="Startup.cpp">
      <Filter>Engine\Application</Filter>
    </ClCompile>
    <ClCompile Include="ApplicationOption.cpp">
      <Filter>Engine\Application</Filter>
    </ClCompile>
    <ClCompile Include="Event.cpp">
      <Filter>Engine\Event</Filter>
    </ClCompile>
    <ClCompile Include="Window.cpp">
      <Filter>Engine\Graphic</Filter>
    </ClCompile>
    <ClCompile Include="EntityFactory.cpp">
      <Filter>Engine\Entity</Filter>
    </ClCompile>
    <ClCompile Include="Entity.cpp">
      <Filter>Engine\Entity</Filter>
    </ClCompile>
    <ClCompile Include="SystemLogic.cpp">
      <Filter>Engine\Logic</Filter>
    </ClCompile>
    <ClCompile Include="System.cpp">
      <Filter>Engine\System</Filter>
    </ClCompile>
  </ItemGroup>
</Project>