
Microsoft Visual Studio Solution File, Format Version 12.00
# Visual Studio 15
VisualStudioVersion = 15.0.27130.2027
MinimumVisualStudioVersion = 10.0.40219.1
Project("{8BC9CEB8-8B4A-11D0-8D11-00A0C91BC942}") = "tinyxml2", "Components\tinyxml\tinyxml2\tinyxml2.vcxproj", "{D1C528B6-AA02-4D29-9D61-DC08E317A70D}"
EndProject
Project("{2150E333-8FDC-42A3-9474-1A3956D46DE8}") = "Components", "Components", "{6A1BBA40-D807-44F5-B456-7D2631D5FD46}"
EndProject
Project("{8BC9CEB8-8B4A-11D0-8D11-00A0C91BC942}") = "log4cplus", "Components\log4cplus\msvc14\log4cplus.vcxproj", "{917836A4-0DDC-47BE-B930-1B3BFDF6C940}"
EndProject
Project("{8BC9CEB8-8B4A-11D0-8D11-00A0C91BC942}") = "gtest", "Components\googletest\googletest\msvc\gtest.vcxproj", "{C8F6C172-56F2-4E76-B5FA-C3B423B31BE7}"
EndProject
Project("{8BC9CEB8-8B4A-11D0-8D11-00A0C91BC942}") = "gmock", "Components\googletest\googlemock\msvc\2015\gmock.vcxproj", "{34681F0D-CE45-415D-B5F2-5C662DFE3BD5}"
EndProject
Project("{8BC9CEB8-8B4A-11D0-8D11-00A0C91BC942}") = "glew_shared", "Components\glew\build\vc12\glew_shared.vcxproj", "{55AE3D72-7DE6-F19F-AEF2-9AE8CA26CF3D}"
EndProject
Project("{2150E333-8FDC-42A3-9474-1A3956D46DE8}") = "SFML", "SFML", "{633DB6E0-D714-4D49-95D8-D65D763C9163}"
EndProject
Project("{8BC9CEB8-8B4A-11D0-8D11-00A0C91BC942}") = "sfml-audio", "Components\SFML\src\SFML\Audio\sfml-audio.vcxproj", "{3190379A-ED54-3A5C-973E-B0D26671B0AF}"
EndProject
Project("{8BC9CEB8-8B4A-11D0-8D11-00A0C91BC942}") = "sfml-graphics", "Components\SFML\src\SFML\Graphics\sfml-graphics.vcxproj", "{C0806EB9-C66C-397E-AC21-1771C4B75532}"
EndProject
Project("{8BC9CEB8-8B4A-11D0-8D11-00A0C91BC942}") = "sfml-network", "Components\SFML\src\SFML\Network\sfml-network.vcxproj", "{A3496877-0E44-3F2D-B3E7-4B704A269106}"
EndProject
Project("{8BC9CEB8-8B4A-11D0-8D11-00A0C91BC942}") = "sfml-system", "Components\SFML\src\SFML\System\sfml-system.vcxproj", "{94CDFD92-1E29-3706-8397-9FC779A50203}"
EndProject
Project("{8BC9CEB8-8B4A-11D0-8D11-00A0C91BC942}") = "sfml-window", "Components\SFML\src\SFML\Window\sfml-window.vcxproj", "{9C4287DF-6FCA-3C86-9529-34A5B92CF957}"
EndProject
Project("{8BC9CEB8-8B4A-11D0-8D11-00A0C91BC942}") = "lua", "Components\lua\lua.vcxproj", "{D0BD6031-2A6C-4E5D-B224-E1D9A25163DA}"
EndProject
Project("{8BC9CEB8-8B4A-11D0-8D11-00A0C91BC942}") = "Engine", "Source\Engine\Engine.vcxproj", "{2CB386ED-EB04-44B0-A6CB-0FE3CEED52F1}"
EndProject
Project("{8BC9CEB8-8B4A-11D0-8D11-00A0C91BC942}") = "EngineTest", "Source\EngineTest\EngineTest.vcxproj", "{B6791031-42C5-42D4-96F6-F28D20CC66E4}"
EndProject
Global
	GlobalSection(SolutionConfigurationPlatforms) = preSolution
		Debug|x64 = Debug|x64
		Debug|x86 = Debug|x86
		Release|x64 = Release|x64
		Release|x86 = Release|x86
	EndGlobalSection
	GlobalSection(ProjectConfigurationPlatforms) = postSolution
		{D1C528B6-AA02-4D29-9D61-DC08E317A70D}.Debug|x64.ActiveCfg = Debug|x64
		{D1C528B6-AA02-4D29-9D61-DC08E317A70D}.Debug|x64.Build.0 = Debug|x64
		{D1C528B6-AA02-4D29-9D61-DC08E317A70D}.Debug|x86.ActiveCfg = Debug|Win32
		{D1C528B6-AA02-4D29-9D61-DC08E317A70D}.Debug|x86.Build.0 = Debug|Win32
		{D1C528B6-AA02-4D29-9D61-DC08E317A70D}.Release|x64.ActiveCfg = Release|x64
		{D1C528B6-AA02-4D29-9D61-DC08E317A70D}.Release|x64.Build.0 = Release|x64
		{D1C528B6-AA02-4D29-9D61-DC08E317A70D}.Release|x86.ActiveCfg = Release|Win32
		{D1C528B6-AA02-4D29-9D61-DC08E317A70D}.Release|x86.Build.0 = Release|Win32
		{917836A4-0DDC-47BE-B930-1B3BFDF6C940}.Debug|x64.ActiveCfg = Debug|x64
		{917836A4-0DDC-47BE-B930-1B3BFDF6C940}.Debug|x64.Build.0 = Debug|x64
		{917836A4-0DDC-47BE-B930-1B3BFDF6C940}.Debug|x64.Deploy.0 = Debug|x64
		{917836A4-0DDC-47BE-B930-1B3BFDF6C940}.Debug|x86.ActiveCfg = Debug|Win32
		{917836A4-0DDC-47BE-B930-1B3BFDF6C940}.Debug|x86.Build.0 = Debug|Win32
		{917836A4-0DDC-47BE-B930-1B3BFDF6C940}.Release|x64.ActiveCfg = Release|x64
		{917836A4-0DDC-47BE-B930-1B3BFDF6C940}.Release|x64.Build.0 = Release|x64
		{917836A4-0DDC-47BE-B930-1B3BFDF6C940}.Release|x86.ActiveCfg = Release|Win32
		{917836A4-0DDC-47BE-B930-1B3BFDF6C940}.Release|x86.Build.0 = Release|Win32
		{C8F6C172-56F2-4E76-B5FA-C3B423B31BE7}.Debug|x64.ActiveCfg = Debug|x64
		{C8F6C172-56F2-4E76-B5FA-C3B423B31BE7}.Debug|x64.Build.0 = Debug|x64
		{C8F6C172-56F2-4E76-B5FA-C3B423B31BE7}.Debug|x86.ActiveCfg = Debug|Win32
		{C8F6C172-56F2-4E76-B5FA-C3B423B31BE7}.Debug|x86.Build.0 = Debug|Win32
		{C8F6C172-56F2-4E76-B5FA-C3B423B31BE7}.Release|x64.ActiveCfg = Release|x64
		{C8F6C172-56F2-4E76-B5FA-C3B423B31BE7}.Release|x64.Build.0 = Release|x64
		{C8F6C172-56F2-4E76-B5FA-C3B423B31BE7}.Release|x86.ActiveCfg = Release|Win32
		{C8F6C172-56F2-4E76-B5FA-C3B423B31BE7}.Release|x86.Build.0 = Release|Win32
		{34681F0D-CE45-415D-B5F2-5C662DFE3BD5}.Debug|x64.ActiveCfg = Debug|x64
		{34681F0D-CE45-415D-B5F2-5C662DFE3BD5}.Debug|x64.Build.0 = Debug|x64
		{34681F0D-CE45-415D-B5F2-5C662DFE3BD5}.Debug|x86.ActiveCfg = Debug|Win32
		{34681F0D-CE45-415D-B5F2-5C662DFE3BD5}.Debug|x86.Build.0 = Debug|Win32
		{34681F0D-CE45-415D-B5F2-5C662DFE3BD5}.Release|x64.ActiveCfg = Release|x64
		{34681F0D-CE45-415D-B5F2-5C662DFE3BD5}.Release|x64.Build.0 = Release|x64
		{34681F0D-CE45-415D-B5F2-5C662DFE3BD5}.Release|x86.ActiveCfg = Release|Win32
		{34681F0D-CE45-415D-B5F2-5C662DFE3BD5}.Release|x86.Build.0 = Release|Win32
		{55AE3D72-7DE6-F19F-AEF2-9AE8CA26CF3D}.Debug|x64.ActiveCfg = Debug|x64
		{55AE3D72-7DE6-F19F-AEF2-9AE8CA26CF3D}.Debug|x64.Build.0 = Debug|x64
		{55AE3D72-7DE6-F19F-AEF2-9AE8CA26CF3D}.Debug|x86.ActiveCfg = Debug|Win32
		{55AE3D72-7DE6-F19F-AEF2-9AE8CA26CF3D}.Debug|x86.Build.0 = Debug|Win32
		{55AE3D72-7DE6-F19F-AEF2-9AE8CA26CF3D}.Release|x64.ActiveCfg = Release|x64
		{55AE3D72-7DE6-F19F-AEF2-9AE8CA26CF3D}.Release|x64.Build.0 = Release|x64
		{55AE3D72-7DE6-F19F-AEF2-9AE8CA26CF3D}.Release|x86.ActiveCfg = Release|Win32
		{55AE3D72-7DE6-F19F-AEF2-9AE8CA26CF3D}.Release|x86.Build.0 = Release|Win32
		{3190379A-ED54-3A5C-973E-B0D26671B0AF}.Debug|x64.ActiveCfg = Debug|Win32
		{3190379A-ED54-3A5C-973E-B0D26671B0AF}.Debug|x86.ActiveCfg = Debug|Win32
		{3190379A-ED54-3A5C-973E-B0D26671B0AF}.Debug|x86.Build.0 = Debug|Win32
		{3190379A-ED54-3A5C-973E-B0D26671B0AF}.Release|x64.ActiveCfg = Release|Win32
		{3190379A-ED54-3A5C-973E-B0D26671B0AF}.Release|x86.ActiveCfg = Release|Win32
		{3190379A-ED54-3A5C-973E-B0D26671B0AF}.Release|x86.Build.0 = Release|Win32
		{3190379A-ED54-3A5C-973E-B0D26671B0AF}.Release|x86.Deploy.0 = Release|Win32
		{C0806EB9-C66C-397E-AC21-1771C4B75532}.Debug|x64.ActiveCfg = Debug|Win32
		{C0806EB9-C66C-397E-AC21-1771C4B75532}.Debug|x86.ActiveCfg = Debug|Win32
		{C0806EB9-C66C-397E-AC21-1771C4B75532}.Debug|x86.Build.0 = Debug|Win32
		{C0806EB9-C66C-397E-AC21-1771C4B75532}.Release|x64.ActiveCfg = Release|Win32
		{C0806EB9-C66C-397E-AC21-1771C4B75532}.Release|x86.ActiveCfg = Release|Win32
		{C0806EB9-C66C-397E-AC21-1771C4B75532}.Release|x86.Build.0 = Release|Win32
		{C0806EB9-C66C-397E-AC21-1771C4B75532}.Release|x86.Deploy.0 = Release|Win32
		{A3496877-0E44-3F2D-B3E7-4B704A269106}.Debug|x64.ActiveCfg = Debug|Win32
		{A3496877-0E44-3F2D-B3E7-4B704A269106}.Debug|x86.ActiveCfg = Debug|Win32
		{A3496877-0E44-3F2D-B3E7-4B704A269106}.Debug|x86.Build.0 = Debug|Win32
		{A3496877-0E44-3F2D-B3E7-4B704A269106}.Release|x64.ActiveCfg = Release|Win32
		{A3496877-0E44-3F2D-B3E7-4B704A269106}.Release|x86.ActiveCfg = Release|Win32
		{A3496877-0E44-3F2D-B3E7-4B704A269106}.Release|x86.Build.0 = Release|Win32
		{A3496877-0E44-3F2D-B3E7-4B704A269106}.Release|x86.Deploy.0 = Release|Win32
		{94CDFD92-1E29-3706-8397-9FC779A50203}.Debug|x64.ActiveCfg = Debug|x64
		{94CDFD92-1E29-3706-8397-9FC779A50203}.Debug|x64.Build.0 = Debug|x64
		{94CDFD92-1E29-3706-8397-9FC779A50203}.Debug|x86.ActiveCfg = Debug|Win32
		{94CDFD92-1E29-3706-8397-9FC779A50203}.Debug|x86.Build.0 = Debug|Win32
		{94CDFD92-1E29-3706-8397-9FC779A50203}.Debug|x86.Deploy.0 = Debug|Win32
		{94CDFD92-1E29-3706-8397-9FC779A50203}.Release|x64.ActiveCfg = Release|x64
		{94CDFD92-1E29-3706-8397-9FC779A50203}.Release|x64.Build.0 = Release|x64
		{94CDFD92-1E29-3706-8397-9FC779A50203}.Release|x86.ActiveCfg = Release|Win32
		{94CDFD92-1E29-3706-8397-9FC779A50203}.Release|x86.Build.0 = Release|Win32
		{94CDFD92-1E29-3706-8397-9FC779A50203}.Release|x86.Deploy.0 = Release|Win32
		{9C4287DF-6FCA-3C86-9529-34A5B92CF957}.Debug|x64.ActiveCfg = Debug|x64
		{9C4287DF-6FCA-3C86-9529-34A5B92CF957}.Debug|x64.Build.0 = Debug|x64
		{9C4287DF-6FCA-3C86-9529-34A5B92CF957}.Debug|x86.ActiveCfg = Debug|Win32
		{9C4287DF-6FCA-3C86-9529-34A5B92CF957}.Debug|x86.Build.0 = Debug|Win32
		{9C4287DF-6FCA-3C86-9529-34A5B92CF957}.Debug|x86.Deploy.0 = Debug|Win32
		{9C4287DF-6FCA-3C86-9529-34A5B92CF957}.Release|x64.ActiveCfg = Release|x64
		{9C4287DF-6FCA-3C86-9529-34A5B92CF957}.Release|x64.Build.0 = Release|x64
		{9C4287DF-6FCA-3C86-9529-34A5B92CF957}.Release|x86.ActiveCfg = Release|Win32
		{9C4287DF-6FCA-3C86-9529-34A5B92CF957}.Release|x86.Build.0 = Release|Win32
		{9C4287DF-6FCA-3C86-9529-34A5B92CF957}.Release|x86.Deploy.0 = Release|Win32
		{D0BD6031-2A6C-4E5D-B224-E1D9A25163DA}.Debug|x64.ActiveCfg = Debug|x64
		{D0BD6031-2A6C-4E5D-B224-E1D9A25163DA}.Debug|x64.Build.0 = Debug|x64
		{D0BD6031-2A6C-4E5D-B224-E1D9A25163DA}.Debug|x86.ActiveCfg = Debug|Win32
		{D0BD6031-2A6C-4E5D-B224-E1D9A25163DA}.Debug|x86.Build.0 = Debug|Win32
		{D0BD6031-2A6C-4E5D-B224-E1D9A25163DA}.Release|x64.ActiveCfg = Release|x64
		{D0BD6031-2A6C-4E5D-B224-E1D9A25163DA}.Release|x64.Build.0 = Release|x64
		{D0BD6031-2A6C-4E5D-B224-E1D9A25163DA}.Release|x86.ActiveCfg = Release|Win32
		{D0BD6031-2A6C-4E5D-B224-E1D9A25163DA}.Release|x86.Build.0 = Release|Win32
		{2CB386ED-EB04-44B0-A6CB-0FE3CEED52F1}.Debug|x64.ActiveCfg = Debug|x64
		{2CB386ED-EB04-44B0-A6CB-0FE3CEED52F1}.Debug|x64.Build.0 = Debug|x64
		{2CB386ED-EB04-44B0-A6CB-0FE3CEED52F1}.Debug|x86.ActiveCfg = Debug|Win32
		{2CB386ED-EB04-44B0-A6CB-0FE3CEED52F1}.Debug|x86.Build.0 = Debug|Win32
		{2CB386ED-EB04-44B0-A6CB-0FE3CEED52F1}.Release|x64.ActiveCfg = Release|x64
		{2CB386ED-EB04-44B0-A6CB-0FE3CEED52F1}.Release|x64.Build.0 = Release|x64
		{2CB386ED-EB04-44B0-A6CB-0FE3CEED52F1}.Release|x86.ActiveCfg = Release|Win32
		{2CB386ED-EB04-44B0-A6CB-0FE3CEED52F1}.Release|x86.Build.0 = Release|Win32
		{B6791031-42C5-42D4-96F6-F28D20CC66E4}.Debug|x64.ActiveCfg = Debug|x64
		{B6791031-42C5-42D4-96F6-F28D20CC66E4}.Debug|x64.Build.0 = Debug|x64
		{B6791031-42C5-42D4-96F6-F28D20CC66E4}.Debug|x86.ActiveCfg = Debug|Win32
		{B6791031-42C5-42D4-96F6-F28D20CC66E4}.Debug|x86.Build.0 = Debug|Win32
		{B6791031-42C5-42D4-96F6-F28D20CC66E4}.Release|x64.ActiveCfg = Release|x64
		{B6791031-42C5-42D4-96F6-F28D20CC66E4}.Release|x64.Build.0 = Release|x64
		{B6791031-42C5-42D4-96F6-F28D20CC66E4}.Release|x86.ActiveCfg = Release|Win32
		{B6791031-42C5-42D4-96F6-F28D20CC66E4}.Release|x86.Build.0 = Release|Win32
	EndGlobalSection
	GlobalSection(SolutionProperties) = preSolution
		HideSolutionNode = FALSE
	EndGlobalSection
	GlobalSection(NestedProjects) = preSolution
		{D1C528B6-AA02-4D29-9D61-DC08E317A70D} = {6A1BBA40-D807-44F5-B456-7D2631D5FD46}
		{917836A4-0DDC-47BE-B930-1B3BFDF6C940} = {6A1BBA40-D807-44F5-B456-7D2631D5FD46}
		{C8F6C172-56F2-4E76-B5FA-C3B423B31BE7} = {6A1BBA40-D807-44F5-B456-7D2631D5FD46}
		{34681F0D-CE45-415D-B5F2-5C662DFE3BD5} = {6A1BBA40-D807-44F5-B456-7D2631D5FD46}
		{55AE3D72-7DE6-F19F-AEF2-9AE8CA26CF3D} = {6A1BBA40-D807-44F5-B456-7D2631D5FD46}
		{633DB6E0-D714-4D49-95D8-D65D763C9163} = {6A1BBA40-D807-44F5-B456-7D2631D5FD46}
		{3190379A-ED54-3A5C-973E-B0D26671B0AF} = {633DB6E0-D714-4D49-95D8-D65D763C9163}
		{C0806EB9-C66C-397E-AC21-1771C4B75532} = {633DB6E0-D714-4D49-95D8-D65D763C9163}
		{A3496877-0E44-3F2D-B3E7-4B704A269106} = {633DB6E0-D714-4D49-95D8-D65D763C9163}
		{94CDFD92-1E29-3706-8397-9FC779A50203} = {633DB6E0-D714-4D49-95D8-D65D763C9163}
		{9C4287DF-6FCA-3C86-9529-34A5B92CF957} = {633DB6E0-D714-4D49-95D8-D65D763C9163}
		{D0BD6031-2A6C-4E5D-B224-E1D9A25163DA} = {6A1BBA40-D807-44F5-B456-7D2631D5FD46}
	EndGlobalSection
	GlobalSection(ExtensibilityGlobals) = postSolution
		SolutionGuid = {808549F3-145F-41E2-8375-3C572CF81D2A}
	EndGlobalSection
EndGlobal
