<?xml version="1.0" encoding="utf-8"?>
<Project ToolsVersion="4.0" xmlns="http://schemas.microsoft.com/developer/msbuild/2003">
  <ItemGroup>
    <Filter Include="Source Files">
      <UniqueIdentifier>{4FC737F1-C7A5-4376-A066-2A32D752A2FF}</UniqueIdentifier>
      <Extensions>cpp;c;cc;cxx;def;odl;idl;hpj;bat;asm;asmx</Extensions>
    </Filter>
    <Filter Include="Header Files">
      <UniqueIdentifier>{93995380-89BD-4b04-88EB-625FBE52EBFB}</UniqueIdentifier>
      <Extensions>h;hh;hpp;hxx;hm;inl;inc;xsd</Extensions>
    </Filter>
    <Filter Include="Resource Files">
      <UniqueIdentifier>{67DA6AB6-F800-4c08-8B7A-83BB121AAD01}</UniqueIdentifier>
      <Extensions>rc;ico;cur;bmp;dlg;rc2;rct;bin;rgs;gif;jpg;jpeg;jpe;resx;tiff;tif;png;wav;mfcribbon-ms</Extensions>
    </Filter>
    <Filter Include="Entities">
      <UniqueIdentifier>{3c325d9e-fbe8-44d5-9790-32b66d8c04fe}</UniqueIdentifier>
    </Filter>
    <Filter Include="Entities\Pause">
      <UniqueIdentifier>{a2d6c20c-5903-4912-bee8-89b89957572c}</UniqueIdentifier>
    </Filter>
    <Filter Include="Entities\Pacman">
      <UniqueIdentifier>{7b88b100-79ff-42f4-b507-017a827134c2}</UniqueIdentifier>
    </Filter>
    <Filter Include="Entities\Collision">
      <UniqueIdentifier>{bad7795b-5315-4341-a17f-7abc10cf4d24}</UniqueIdentifier>
    </Filter>
    <Filter Include="Entities\SmallDot">
      <UniqueIdentifier>{da6a437b-4362-44a9-b438-34f8dc7a7b40}</UniqueIdentifier>
    </Filter>
    <Filter Include="Entities\Grid">
      <UniqueIdentifier>{69615073-19cd-4e33-8543-4950bd9fef48}</UniqueIdentifier>
    </Filter>
    <Filter Include="Entities\LevelGenerator">
      <UniqueIdentifier>{0499a0a1-695f-4b48-80bc-547ff7bb3455}</UniqueIdentifier>
    </Filter>
    <Filter Include="Entities\BigDot">
      <UniqueIdentifier>{0f6652e8-484e-4d29-82f0-b180bac9e560}</UniqueIdentifier>
    </Filter>
  </ItemGroup>
  <ItemGroup>
    <ClInclude Include="stdafx.h">
      <Filter>Header Files</Filter>
    </ClInclude>
    <ClInclude Include="GameEventIds.h">
      <Filter>Header Files</Filter>
    </ClInclude>
    <ClInclude Include="Entity.h">
      <Filter>Header Files</Filter>
    </ClInclude>
    <ClInclude Include="EntityFactory.h">
      <Filter>Header Files</Filter>
    </ClInclude>
    <ClInclude Include="Pause.h">
      <Filter>Entities\Pause</Filter>
    </ClInclude>
    <ClInclude Include="notes.h">
      <Filter>Resource Files</Filter>
    </ClInclude>
    <ClInclude Include="Pacman.h">
      <Filter>Entities\Pacman</Filter>
    </ClInclude>
    <ClInclude Include="PacmanState.h">
      <Filter>Entities\Pacman</Filter>
    </ClInclude>
    <ClInclude Include="PauseState.h">
      <Filter>Entities\Pause</Filter>
    </ClInclude>
    <ClInclude Include="Collision.h">
      <Filter>Entities\Collision</Filter>
    </ClInclude>
    <ClInclude Include="StateContainer.h">
      <Filter>Header Files</Filter>
    </ClInclude>
    <ClInclude Include="CollisionEvent.h">
      <Filter>Entities\Collision</Filter>
    </ClInclude>
    <ClInclude Include="SmallDot.h">
      <Filter>Entities\SmallDot</Filter>
    </ClInclude>
    <ClInclude Include="Grid.h">
      <Filter>Entities\Grid</Filter>
    </ClInclude>
    <ClInclude Include="LevelGenerator.h">
      <Filter>Entities\LevelGenerator</Filter>
    </ClInclude>
    <ClInclude Include="MoveEvent.h">
      <Filter>Header Files</Filter>
    </ClInclude>
    <ClInclude Include="BigDot.h">
      <Filter>Entities\BigDot</Filter>
    </ClInclude>
    <ClInclude Include="SmallDotState.h">
      <Filter>Entities\SmallDot</Filter>
    </ClInclude>
    <ClInclude Include="BigDotState.h">
      <Filter>Entities\BigDot</Filter>
    </ClInclude>
  </ItemGroup>
  <ItemGroup>
    <ClCompile Include="stdafx.cpp">
      <Filter>Source Files</Filter>
    </ClCompile>
    <ClCompile Include="Game.cpp">
      <Filter>Source Files</Filter>
    </ClCompile>
    <ClCompile Include="Entity.cpp">
      <Filter>Source Files</Filter>
    </ClCompile>
    <ClCompile Include="EntityFactory.cpp">
      <Filter>Source Files</Filter>
    </ClCompile>
    <ClCompile Include="Pause.cpp">
      <Filter>Entities\Pause</Filter>
    </ClCompile>
    <ClCompile Include="Pacman.cpp">
      <Filter>Entities\Pacman</Filter>
    </ClCompile>
    <ClCompile Include="Collision.cpp">
      <Filter>Entities\Collision</Filter>
    </ClCompile>
    <ClCompile Include="SmallDot.cpp">
      <Filter>Entities\SmallDot</Filter>
    </ClCompile>
    <ClCompile Include="Grid.cpp">
      <Filter>Entities\Grid</Filter>
    </ClCompile>
    <ClCompile Include="LevelGenerator.cpp">
      <Filter>Entities\LevelGenerator</Filter>
    </ClCompile>
    <ClCompile Include="MoveEvent.cpp">
      <Filter>Source Files</Filter>
    </ClCompile>
    <ClCompile Include="BigDot.cpp">
      <Filter>Entities\BigDot</Filter>
    </ClCompile>
  </ItemGroup>
  <ItemGroup>
    <Xml Include="Ressource.xml">
      <Filter>Resource Files</Filter>
    </Xml>
  </ItemGroup>
</Project>